
Microsoft Visual Studio Solution File, Format Version 12.00
# Visual Studio 15
VisualStudioVersion = 15.0.27130.2024
MinimumVisualStudioVersion = 10.0.40219.1
Project("{2150E333-8FDC-42A3-9474-1A3956D46DE8}") = "src", "src", "{2D285DE6-8FC0-4FB6-A438-EA2AD5FEA561}"
EndProject
Project("{2150E333-8FDC-42A3-9474-1A3956D46DE8}") = "Solution Items", "Solution Items", "{677097FA-DFF0-4DEF-BFF6-3D2EF8510769}"
	ProjectSection(SolutionItems) = preProject
		.gitignore = .gitignore
		appveyor.yml = appveyor.yml
		LICENSE = LICENSE
		README.md = README.md
	EndProjectSection
EndProject
Project("{2150E333-8FDC-42A3-9474-1A3956D46DE8}") = "sample", "sample", "{56DB72CA-6C54-4BEC-956C-60CAE3828741}"
EndProject
Project("{2150E333-8FDC-42A3-9474-1A3956D46DE8}") = "Samples", "Samples", "{169FDBD0-1C98-4A7E-B8B6-1023B73624F0}"
EndProject
Project("{2150E333-8FDC-42A3-9474-1A3956D46DE8}") = "Chat", "Chat", "{43852E3B-E5B7-4A54-B450-4B48F6C3F025}"
EndProject
Project("{2150E333-8FDC-42A3-9474-1A3956D46DE8}") = "build", "build", "{3E90692F-1C39-4244-88E3-EEA2B02FE7E7}"
	ProjectSection(SolutionItems) = preProject
		build\version.props = build\version.props
	EndProjectSection
EndProject
Project("{9A19103F-16F7-4668-BE54-9A1E7A4F7556}") = "GodSharp.Socket", "src\GodSharp.Socket\GodSharp.Socket.csproj", "{06BBFBF4-9958-42CB-9920-3CF516773368}"
EndProject
Project("{2150E333-8FDC-42A3-9474-1A3956D46DE8}") = "Tcp", "Tcp", "{24B5B2E3-EA6E-4293-A193-9834EDA39449}"
EndProject
Project("{2150E333-8FDC-42A3-9474-1A3956D46DE8}") = "Udp", "Udp", "{E2DF802B-2A61-4B35-8407-6EA9EEA25FEC}"
EndProject
Project("{2150E333-8FDC-42A3-9474-1A3956D46DE8}") = "Samples", "Samples", "{B6BB1EDD-840E-4799-BA1D-2ECED21BC443}"
EndProject
Project("{FAE04EC0-301F-11D3-BF4B-00C04F79EFBC}") = "GodSharp.SocketClientSapmle", "sample\Tcp\Samples\GodSharp.SocketClientSapmle\GodSharp.SocketClientSapmle.csproj", "{DA03E415-51BC-4223-B8C8-E2ABFF1F77AF}"
EndProject
Project("{FAE04EC0-301F-11D3-BF4B-00C04F79EFBC}") = "GodSharp.SocketServerSample", "sample\Tcp\Samples\GodSharp.SocketServerSample\GodSharp.SocketServerSample.csproj", "{8F3CAA2A-6DC3-46D5-ABE6-3850F29FFF75}"
EndProject
Project("{FAE04EC0-301F-11D3-BF4B-00C04F79EFBC}") = "GodSharp.Chat", "sample\Tcp\Chat\GodSharp.Chat\GodSharp.Chat.csproj", "{D556F994-9A72-4F30-8B55-9D9FAA14C5FE}"
EndProject
Project("{FAE04EC0-301F-11D3-BF4B-00C04F79EFBC}") = "GodSharp.ChatClient", "sample\Tcp\Chat\GodSharp.ChatClient\GodSharp.ChatClient.csproj", "{B1EFC930-1A12-4FA6-9BDA-EC27E477528B}"
EndProject
Project("{FAE04EC0-301F-11D3-BF4B-00C04F79EFBC}") = "GodSharp.ChatServer", "sample\Tcp\Chat\GodSharp.ChatServer\GodSharp.ChatServer.csproj", "{5DD72AA1-F791-446C-9939-0CB1C5483D04}"
EndProject
Project("{FAE04EC0-301F-11D3-BF4B-00C04F79EFBC}") = "GodSharp.UdpClientMasterSample", "sample\Udp\Samples\GodSharp.UdpClientMasterSample\GodSharp.UdpClientMasterSample.csproj", "{91D1F01F-2D76-4B3C-8871-E76BC69A873B}"
EndProject
Project("{FAE04EC0-301F-11D3-BF4B-00C04F79EFBC}") = "GodSharp.UdpClientSlaveSample", "GodSharp.UdpClientSlaveSample\GodSharp.UdpClientSlaveSample.csproj", "{0B4B8292-4A09-47A9-8D3E-EC56D79E0509}"
EndProject
Global
	GlobalSection(SolutionConfigurationPlatforms) = preSolution
		Debug|Any CPU = Debug|Any CPU
		Release|Any CPU = Release|Any CPU
	EndGlobalSection
	GlobalSection(ProjectConfigurationPlatforms) = postSolution
		{06BBFBF4-9958-42CB-9920-3CF516773368}.Debug|Any CPU.ActiveCfg = Debug|Any CPU
		{06BBFBF4-9958-42CB-9920-3CF516773368}.Debug|Any CPU.Build.0 = Debug|Any CPU
		{06BBFBF4-9958-42CB-9920-3CF516773368}.Release|Any CPU.ActiveCfg = Release|Any CPU
		{06BBFBF4-9958-42CB-9920-3CF516773368}.Release|Any CPU.Build.0 = Release|Any CPU
		{DA03E415-51BC-4223-B8C8-E2ABFF1F77AF}.Debug|Any CPU.ActiveCfg = Debug|Any CPU
		{DA03E415-51BC-4223-B8C8-E2ABFF1F77AF}.Debug|Any CPU.Build.0 = Debug|Any CPU
		{DA03E415-51BC-4223-B8C8-E2ABFF1F77AF}.Release|Any CPU.ActiveCfg = Release|Any CPU
		{DA03E415-51BC-4223-B8C8-E2ABFF1F77AF}.Release|Any CPU.Build.0 = Release|Any CPU
		{8F3CAA2A-6DC3-46D5-ABE6-3850F29FFF75}.Debug|Any CPU.ActiveCfg = Debug|Any CPU
		{8F3CAA2A-6DC3-46D5-ABE6-3850F29FFF75}.Debug|Any CPU.Build.0 = Debug|Any CPU
		{8F3CAA2A-6DC3-46D5-ABE6-3850F29FFF75}.Release|Any CPU.ActiveCfg = Release|Any CPU
		{8F3CAA2A-6DC3-46D5-ABE6-3850F29FFF75}.Release|Any CPU.Build.0 = Release|Any CPU
		{D556F994-9A72-4F30-8B55-9D9FAA14C5FE}.Debug|Any CPU.ActiveCfg = Debug|Any CPU
		{D556F994-9A72-4F30-8B55-9D9FAA14C5FE}.Debug|Any CPU.Build.0 = Debug|Any CPU
		{D556F994-9A72-4F30-8B55-9D9FAA14C5FE}.Release|Any CPU.ActiveCfg = Release|Any CPU
		{D556F994-9A72-4F30-8B55-9D9FAA14C5FE}.Release|Any CPU.Build.0 = Release|Any CPU
		{B1EFC930-1A12-4FA6-9BDA-EC27E477528B}.Debug|Any CPU.ActiveCfg = Debug|Any CPU
		{B1EFC930-1A12-4FA6-9BDA-EC27E477528B}.Debug|Any CPU.Build.0 = Debug|Any CPU
		{B1EFC930-1A12-4FA6-9BDA-EC27E477528B}.Release|Any CPU.ActiveCfg = Release|Any CPU
		{B1EFC930-1A12-4FA6-9BDA-EC27E477528B}.Release|Any CPU.Build.0 = Release|Any CPU
		{5DD72AA1-F791-446C-9939-0CB1C5483D04}.Debug|Any CPU.ActiveCfg = Debug|Any CPU
		{5DD72AA1-F791-446C-9939-0CB1C5483D04}.Debug|Any CPU.Build.0 = Debug|Any CPU
		{5DD72AA1-F791-446C-9939-0CB1C5483D04}.Release|Any CPU.ActiveCfg = Release|Any CPU
		{5DD72AA1-F791-446C-9939-0CB1C5483D04}.Release|Any CPU.Build.0 = Release|Any CPU
		{91D1F01F-2D76-4B3C-8871-E76BC69A873B}.Debug|Any CPU.ActiveCfg = Debug|Any CPU
		{91D1F01F-2D76-4B3C-8871-E76BC69A873B}.Debug|Any CPU.Build.0 = Debug|Any CPU
		{91D1F01F-2D76-4B3C-8871-E76BC69A873B}.Release|Any CPU.ActiveCfg = Release|Any CPU
		{91D1F01F-2D76-4B3C-8871-E76BC69A873B}.Release|Any CPU.Build.0 = Release|Any CPU
		{0B4B8292-4A09-47A9-8D3E-EC56D79E0509}.Debug|Any CPU.ActiveCfg = Debug|Any CPU
		{0B4B8292-4A09-47A9-8D3E-EC56D79E0509}.Debug|Any CPU.Build.0 = Debug|Any CPU
		{0B4B8292-4A09-47A9-8D3E-EC56D79E0509}.Release|Any CPU.ActiveCfg = Release|Any CPU
		{0B4B8292-4A09-47A9-8D3E-EC56D79E0509}.Release|Any CPU.Build.0 = Release|Any CPU
	EndGlobalSection
	GlobalSection(SolutionProperties) = preSolution
		HideSolutionNode = FALSE
	EndGlobalSection
	GlobalSection(NestedProjects) = preSolution
		{169FDBD0-1C98-4A7E-B8B6-1023B73624F0} = {24B5B2E3-EA6E-4293-A193-9834EDA39449}
		{43852E3B-E5B7-4A54-B450-4B48F6C3F025} = {24B5B2E3-EA6E-4293-A193-9834EDA39449}
		{06BBFBF4-9958-42CB-9920-3CF516773368} = {2D285DE6-8FC0-4FB6-A438-EA2AD5FEA561}
		{24B5B2E3-EA6E-4293-A193-9834EDA39449} = {56DB72CA-6C54-4BEC-956C-60CAE3828741}
		{E2DF802B-2A61-4B35-8407-6EA9EEA25FEC} = {56DB72CA-6C54-4BEC-956C-60CAE3828741}
		{B6BB1EDD-840E-4799-BA1D-2ECED21BC443} = {E2DF802B-2A61-4B35-8407-6EA9EEA25FEC}
		{DA03E415-51BC-4223-B8C8-E2ABFF1F77AF} = {169FDBD0-1C98-4A7E-B8B6-1023B73624F0}
		{8F3CAA2A-6DC3-46D5-ABE6-3850F29FFF75} = {169FDBD0-1C98-4A7E-B8B6-1023B73624F0}
		{D556F994-9A72-4F30-8B55-9D9FAA14C5FE} = {43852E3B-E5B7-4A54-B450-4B48F6C3F025}
		{B1EFC930-1A12-4FA6-9BDA-EC27E477528B} = {43852E3B-E5B7-4A54-B450-4B48F6C3F025}
		{5DD72AA1-F791-446C-9939-0CB1C5483D04} = {43852E3B-E5B7-4A54-B450-4B48F6C3F025}
		{91D1F01F-2D76-4B3C-8871-E76BC69A873B} = {B6BB1EDD-840E-4799-BA1D-2ECED21BC443}
		{0B4B8292-4A09-47A9-8D3E-EC56D79E0509} = {B6BB1EDD-840E-4799-BA1D-2ECED21BC443}
	EndGlobalSection
	GlobalSection(ExtensibilityGlobals) = postSolution
		SolutionGuid = {68DFC265-6267-4153-8375-A35F8E5CD820}
	EndGlobalSection
EndGlobal
