
Microsoft Visual Studio Solution File, Format Version 12.00
# Visual Studio 15
VisualStudioVersion = 15.0.26730.12
MinimumVisualStudioVersion = 10.0.40219.1
Project("{2150E333-8FDC-42A3-9474-1A3956D46DE8}") = "src", "src", "{2D285DE6-8FC0-4FB6-A438-EA2AD5FEA561}"
EndProject
Project("{2150E333-8FDC-42A3-9474-1A3956D46DE8}") = "Shared", "Shared", "{D2FB2A10-BA9D-41F8-9D8F-9F8945F39FA6}"
EndProject
Project("{FAE04EC0-301F-11D3-BF4B-00C04F79EFBC}") = "GodSharp.Socket", "src\GodSharp.Socket\GodSharp.Socket.csproj", "{877E1AA2-7EAE-40FC-AB49-C52262F09D9D}"
EndProject
Project("{2150E333-8FDC-42A3-9474-1A3956D46DE8}") = "Solution Items", "Solution Items", "{677097FA-DFF0-4DEF-BFF6-3D2EF8510769}"
	ProjectSection(SolutionItems) = preProject
		.gitignore = .gitignore
		appveyor.yml = appveyor.yml
		LICENSE = LICENSE
		README.md = README.md
	EndProjectSection
EndProject
Project("{2150E333-8FDC-42A3-9474-1A3956D46DE8}") = "sample", "sample", "{56DB72CA-6C54-4BEC-956C-60CAE3828741}"
EndProject
Project("{2150E333-8FDC-42A3-9474-1A3956D46DE8}") = "Console", "Console", "{169FDBD0-1C98-4A7E-B8B6-1023B73624F0}"
EndProject
Project("{FAE04EC0-301F-11D3-BF4B-00C04F79EFBC}") = "GodSharp.SocketServerSample", "sample\Console\GodSharp.SocketServerSample\GodSharp.SocketServerSample.csproj", "{8F3CAA2A-6DC3-46D5-ABE6-3850F29FFF75}"
EndProject
Project("{FAE04EC0-301F-11D3-BF4B-00C04F79EFBC}") = "GodSharp.SocketClientSapmle", "sample\Console\GodSharp.SocketClientSapmle\GodSharp.SocketClientSapmle.csproj", "{DA03E415-51BC-4223-B8C8-E2ABFF1F77AF}"
EndProject
Project("{2150E333-8FDC-42A3-9474-1A3956D46DE8}") = "WindowsForms", "WindowsForms", "{43852E3B-E5B7-4A54-B450-4B48F6C3F025}"
EndProject
Project("{FAE04EC0-301F-11D3-BF4B-00C04F79EFBC}") = "GodSharp.ChatClient", "sample\WindowsForms\GodSharp.ChatClient\GodSharp.ChatClient.csproj", "{B1EFC930-1A12-4FA6-9BDA-EC27E477528B}"
EndProject
Project("{FAE04EC0-301F-11D3-BF4B-00C04F79EFBC}") = "GodSharp.ChatServer", "sample\WindowsForms\GodSharp.ChatServer\GodSharp.ChatServer.csproj", "{5DD72AA1-F791-446C-9939-0CB1C5483D04}"
EndProject
Project("{FAE04EC0-301F-11D3-BF4B-00C04F79EFBC}") = "GodSharp.Chat", "sample\WindowsForms\GodSharp.Chat\GodSharp.Chat.csproj", "{D556F994-9A72-4F30-8B55-9D9FAA14C5FE}"
EndProject
Global
	GlobalSection(SolutionConfigurationPlatforms) = preSolution
		Debug|Any CPU = Debug|Any CPU
		Release|Any CPU = Release|Any CPU
	EndGlobalSection
	GlobalSection(ProjectConfigurationPlatforms) = postSolution
		{877E1AA2-7EAE-40FC-AB49-C52262F09D9D}.Debug|Any CPU.ActiveCfg = Debug|Any CPU
		{877E1AA2-7EAE-40FC-AB49-C52262F09D9D}.Debug|Any CPU.Build.0 = Debug|Any CPU
		{877E1AA2-7EAE-40FC-AB49-C52262F09D9D}.Release|Any CPU.ActiveCfg = Release|Any CPU
		{877E1AA2-7EAE-40FC-AB49-C52262F09D9D}.Release|Any CPU.Build.0 = Release|Any CPU
		{8F3CAA2A-6DC3-46D5-ABE6-3850F29FFF75}.Debug|Any CPU.ActiveCfg = Debug|Any CPU
		{8F3CAA2A-6DC3-46D5-ABE6-3850F29FFF75}.Debug|Any CPU.Build.0 = Debug|Any CPU
		{8F3CAA2A-6DC3-46D5-ABE6-3850F29FFF75}.Release|Any CPU.ActiveCfg = Release|Any CPU
		{8F3CAA2A-6DC3-46D5-ABE6-3850F29FFF75}.Release|Any CPU.Build.0 = Release|Any CPU
		{DA03E415-51BC-4223-B8C8-E2ABFF1F77AF}.Debug|Any CPU.ActiveCfg = Debug|Any CPU
		{DA03E415-51BC-4223-B8C8-E2ABFF1F77AF}.Debug|Any CPU.Build.0 = Debug|Any CPU
		{DA03E415-51BC-4223-B8C8-E2ABFF1F77AF}.Release|Any CPU.ActiveCfg = Release|Any CPU
		{DA03E415-51BC-4223-B8C8-E2ABFF1F77AF}.Release|Any CPU.Build.0 = Release|Any CPU
		{B1EFC930-1A12-4FA6-9BDA-EC27E477528B}.Debug|Any CPU.ActiveCfg = Debug|Any CPU
		{B1EFC930-1A12-4FA6-9BDA-EC27E477528B}.Debug|Any CPU.Build.0 = Debug|Any CPU
		{B1EFC930-1A12-4FA6-9BDA-EC27E477528B}.Release|Any CPU.ActiveCfg = Release|Any CPU
		{B1EFC930-1A12-4FA6-9BDA-EC27E477528B}.Release|Any CPU.Build.0 = Release|Any CPU
		{5DD72AA1-F791-446C-9939-0CB1C5483D04}.Debug|Any CPU.ActiveCfg = Debug|Any CPU
		{5DD72AA1-F791-446C-9939-0CB1C5483D04}.Debug|Any CPU.Build.0 = Debug|Any CPU
		{5DD72AA1-F791-446C-9939-0CB1C5483D04}.Release|Any CPU.ActiveCfg = Release|Any CPU
		{5DD72AA1-F791-446C-9939-0CB1C5483D04}.Release|Any CPU.Build.0 = Release|Any CPU
		{D556F994-9A72-4F30-8B55-9D9FAA14C5FE}.Debug|Any CPU.ActiveCfg = Debug|Any CPU
		{D556F994-9A72-4F30-8B55-9D9FAA14C5FE}.Debug|Any CPU.Build.0 = Debug|Any CPU
		{D556F994-9A72-4F30-8B55-9D9FAA14C5FE}.Release|Any CPU.ActiveCfg = Release|Any CPU
		{D556F994-9A72-4F30-8B55-9D9FAA14C5FE}.Release|Any CPU.Build.0 = Release|Any CPU
	EndGlobalSection
	GlobalSection(SolutionProperties) = preSolution
		HideSolutionNode = FALSE
	EndGlobalSection
	GlobalSection(NestedProjects) = preSolution
		{D2FB2A10-BA9D-41F8-9D8F-9F8945F39FA6} = {2D285DE6-8FC0-4FB6-A438-EA2AD5FEA561}
		{877E1AA2-7EAE-40FC-AB49-C52262F09D9D} = {2D285DE6-8FC0-4FB6-A438-EA2AD5FEA561}
		{169FDBD0-1C98-4A7E-B8B6-1023B73624F0} = {56DB72CA-6C54-4BEC-956C-60CAE3828741}
		{8F3CAA2A-6DC3-46D5-ABE6-3850F29FFF75} = {169FDBD0-1C98-4A7E-B8B6-1023B73624F0}
		{DA03E415-51BC-4223-B8C8-E2ABFF1F77AF} = {169FDBD0-1C98-4A7E-B8B6-1023B73624F0}
		{43852E3B-E5B7-4A54-B450-4B48F6C3F025} = {56DB72CA-6C54-4BEC-956C-60CAE3828741}
		{B1EFC930-1A12-4FA6-9BDA-EC27E477528B} = {43852E3B-E5B7-4A54-B450-4B48F6C3F025}
		{5DD72AA1-F791-446C-9939-0CB1C5483D04} = {43852E3B-E5B7-4A54-B450-4B48F6C3F025}
		{D556F994-9A72-4F30-8B55-9D9FAA14C5FE} = {43852E3B-E5B7-4A54-B450-4B48F6C3F025}
	EndGlobalSection
	GlobalSection(ExtensibilityGlobals) = postSolution
		SolutionGuid = {68DFC265-6267-4153-8375-A35F8E5CD820}
	EndGlobalSection
EndGlobal
